
Microsoft Visual Studio Solution File, Format Version 12.00
Project("{FAE04EC0-301F-11D3-BF4B-00C04F79EFBC}") = "Application", "src\Application\Application.csproj", "{FB4D7904-E54D-4E6E-9B5F-BE1D0600EB8D}"
EndProject
Project("{2150E333-8FDC-42A3-9474-1A3956D46DE8}") = "tests", "tests", "{18A8660F-A7C3-41CD-BA8B-D1E97E115A08}"
EndProject
Project("{2150E333-8FDC-42A3-9474-1A3956D46DE8}") = "src", "src", "{327F85FF-194B-49A1-8098-A11CD6C8F202}"
EndProject
Project("{FAE04EC0-301F-11D3-BF4B-00C04F79EFBC}") = "ApplicationTests", "tests\ApplicationTests\ApplicationTests.csproj", "{C67C5F4B-61B5-42CC-B612-E1D0537BEB82}"
EndProject
Project("{FAE04EC0-301F-11D3-BF4B-00C04F79EFBC}") = "Domain", "src\Domain\Domain.csproj", "{B3FC0B59-0CFC-4FDF-828E-9E9C45728C5F}"
EndProject
Project("{FAE04EC0-301F-11D3-BF4B-00C04F79EFBC}") = "Infrastructure", "src\Infrastructure\Infrastructure.csproj", "{6D6FC391-AD29-4C8D-AA48-45062A2F15B6}"
EndProject
Global
	GlobalSection(SolutionConfigurationPlatforms) = preSolution
		Debug|Any CPU = Debug|Any CPU
		Release|Any CPU = Release|Any CPU
	EndGlobalSection
	GlobalSection(ProjectConfigurationPlatforms) = postSolution
		{FB4D7904-E54D-4E6E-9B5F-BE1D0600EB8D}.Debug|Any CPU.ActiveCfg = Debug|Any CPU
		{FB4D7904-E54D-4E6E-9B5F-BE1D0600EB8D}.Debug|Any CPU.Build.0 = Debug|Any CPU
		{FB4D7904-E54D-4E6E-9B5F-BE1D0600EB8D}.Release|Any CPU.ActiveCfg = Release|Any CPU
		{FB4D7904-E54D-4E6E-9B5F-BE1D0600EB8D}.Release|Any CPU.Build.0 = Release|Any CPU
		{C67C5F4B-61B5-42CC-B612-E1D0537BEB82}.Debug|Any CPU.ActiveCfg = Debug|Any CPU
		{C67C5F4B-61B5-42CC-B612-E1D0537BEB82}.Debug|Any CPU.Build.0 = Debug|Any CPU
		{C67C5F4B-61B5-42CC-B612-E1D0537BEB82}.Release|Any CPU.ActiveCfg = Release|Any CPU
		{C67C5F4B-61B5-42CC-B612-E1D0537BEB82}.Release|Any CPU.Build.0 = Release|Any CPU
		{B3FC0B59-0CFC-4FDF-828E-9E9C45728C5F}.Debug|Any CPU.ActiveCfg = Debug|Any CPU
		{B3FC0B59-0CFC-4FDF-828E-9E9C45728C5F}.Debug|Any CPU.Build.0 = Debug|Any CPU
		{B3FC0B59-0CFC-4FDF-828E-9E9C45728C5F}.Release|Any CPU.ActiveCfg = Release|Any CPU
		{B3FC0B59-0CFC-4FDF-828E-9E9C45728C5F}.Release|Any CPU.Build.0 = Release|Any CPU
		{6D6FC391-AD29-4C8D-AA48-45062A2F15B6}.Debug|Any CPU.ActiveCfg = Debug|Any CPU
		{6D6FC391-AD29-4C8D-AA48-45062A2F15B6}.Debug|Any CPU.Build.0 = Debug|Any CPU
		{6D6FC391-AD29-4C8D-AA48-45062A2F15B6}.Release|Any CPU.ActiveCfg = Release|Any CPU
		{6D6FC391-AD29-4C8D-AA48-45062A2F15B6}.Release|Any CPU.Build.0 = Release|Any CPU
	EndGlobalSection
	GlobalSection(NestedProjects) = preSolution
		{FB4D7904-E54D-4E6E-9B5F-BE1D0600EB8D} = {327F85FF-194B-49A1-8098-A11CD6C8F202}
		{C67C5F4B-61B5-42CC-B612-E1D0537BEB82} = {18A8660F-A7C3-41CD-BA8B-D1E97E115A08}
		{B3FC0B59-0CFC-4FDF-828E-9E9C45728C5F} = {327F85FF-194B-49A1-8098-A11CD6C8F202}
		{6D6FC391-AD29-4C8D-AA48-45062A2F15B6} = {327F85FF-194B-49A1-8098-A11CD6C8F202}
	EndGlobalSection
EndGlobal
